
Microsoft Visual Studio Solution File, Format Version 11.00
# Visual Studio 2010
# SharpDevelop 5.1
Project("{FAE04EC0-301F-11D3-BF4B-00C04F79EFBC}") = "Fibonacci", "Fibonacci\Fibonacci.csproj", "{162A89D4-8BFD-4939-AAB6-4BDED98D50CE}"
EndProject
Global
	GlobalSection(SolutionConfigurationPlatforms) = preSolution
		Debug|Any CPU = Debug|Any CPU
		Release|Any CPU = Release|Any CPU
	EndGlobalSection
	GlobalSection(ProjectConfigurationPlatforms) = postSolution
		{162A89D4-8BFD-4939-AAB6-4BDED98D50CE}.Debug|Any CPU.ActiveCfg = Debug|Any CPU
		{162A89D4-8BFD-4939-AAB6-4BDED98D50CE}.Debug|Any CPU.Build.0 = Debug|Any CPU
		{162A89D4-8BFD-4939-AAB6-4BDED98D50CE}.Release|Any CPU.ActiveCfg = Release|Any CPU
		{162A89D4-8BFD-4939-AAB6-4BDED98D50CE}.Release|Any CPU.Build.0 = Release|Any CPU
	EndGlobalSection
EndGlobal
